
Microsoft Visual Studio Solution File, Format Version 12.00
# Visual Studio 15
VisualStudioVersion = 15.0.26124.0
MinimumVisualStudioVersion = 15.0.26124.0
Project("{FAE04EC0-301F-11D3-BF4B-00C04F79EFBC}") = "Bot", "Bot\Bot.csproj", "{FA54BD3B-5DA1-49E4-8131-44E5610E8BDF}"
EndProject
Project("{FAE04EC0-301F-11D3-BF4B-00C04F79EFBC}") = "Server", "Server\Server.csproj", "{2BAFA878-2310-43E1-9DC7-8C332EF61036}"
EndProject
Project("{FAE04EC0-301F-11D3-BF4B-00C04F79EFBC}") = "Abstractions", "Abstractions\Abstractions.csproj", "{3D6DD198-43C3-4C47-B474-483978E40B76}"
EndProject
Project("{FAE04EC0-301F-11D3-BF4B-00C04F79EFBC}") = "Assert", "Assert\Assert.csproj", "{E0B20CCB-C34B-4098-BBC7-A159C53248B3}"
EndProject
Project("{FAE04EC0-301F-11D3-BF4B-00C04F79EFBC}") = "JsonStorage", "JsonStorage\JsonStorage.csproj", "{059ADA49-D85E-43FC-8888-27F57A3D37BC}"
EndProject
Project("{FAE04EC0-301F-11D3-BF4B-00C04F79EFBC}") = "JsonStorage.Tests", "JsonStorage.Tests\JsonStorage.Tests.csproj", "{70BE5686-CA81-41E1-B115-44DD628CECF6}"
EndProject
Global
	GlobalSection(SolutionConfigurationPlatforms) = preSolution
		Debug|Any CPU = Debug|Any CPU
		Debug|x64 = Debug|x64
		Debug|x86 = Debug|x86
		Release|Any CPU = Release|Any CPU
		Release|x64 = Release|x64
		Release|x86 = Release|x86
	EndGlobalSection
	GlobalSection(SolutionProperties) = preSolution
		HideSolutionNode = FALSE
	EndGlobalSection
	GlobalSection(ProjectConfigurationPlatforms) = postSolution
		{FA54BD3B-5DA1-49E4-8131-44E5610E8BDF}.Debug|Any CPU.ActiveCfg = Debug|Any CPU
		{FA54BD3B-5DA1-49E4-8131-44E5610E8BDF}.Debug|Any CPU.Build.0 = Debug|Any CPU
		{FA54BD3B-5DA1-49E4-8131-44E5610E8BDF}.Debug|x64.ActiveCfg = Debug|Any CPU
		{FA54BD3B-5DA1-49E4-8131-44E5610E8BDF}.Debug|x64.Build.0 = Debug|Any CPU
		{FA54BD3B-5DA1-49E4-8131-44E5610E8BDF}.Debug|x86.ActiveCfg = Debug|Any CPU
		{FA54BD3B-5DA1-49E4-8131-44E5610E8BDF}.Debug|x86.Build.0 = Debug|Any CPU
		{FA54BD3B-5DA1-49E4-8131-44E5610E8BDF}.Release|Any CPU.ActiveCfg = Release|Any CPU
		{FA54BD3B-5DA1-49E4-8131-44E5610E8BDF}.Release|Any CPU.Build.0 = Release|Any CPU
		{FA54BD3B-5DA1-49E4-8131-44E5610E8BDF}.Release|x64.ActiveCfg = Release|Any CPU
		{FA54BD3B-5DA1-49E4-8131-44E5610E8BDF}.Release|x64.Build.0 = Release|Any CPU
		{FA54BD3B-5DA1-49E4-8131-44E5610E8BDF}.Release|x86.ActiveCfg = Release|Any CPU
		{FA54BD3B-5DA1-49E4-8131-44E5610E8BDF}.Release|x86.Build.0 = Release|Any CPU
		{2BAFA878-2310-43E1-9DC7-8C332EF61036}.Debug|Any CPU.ActiveCfg = Debug|Any CPU
		{2BAFA878-2310-43E1-9DC7-8C332EF61036}.Debug|Any CPU.Build.0 = Debug|Any CPU
		{2BAFA878-2310-43E1-9DC7-8C332EF61036}.Debug|x64.ActiveCfg = Debug|Any CPU
		{2BAFA878-2310-43E1-9DC7-8C332EF61036}.Debug|x64.Build.0 = Debug|Any CPU
		{2BAFA878-2310-43E1-9DC7-8C332EF61036}.Debug|x86.ActiveCfg = Debug|Any CPU
		{2BAFA878-2310-43E1-9DC7-8C332EF61036}.Debug|x86.Build.0 = Debug|Any CPU
		{2BAFA878-2310-43E1-9DC7-8C332EF61036}.Release|Any CPU.ActiveCfg = Release|Any CPU
		{2BAFA878-2310-43E1-9DC7-8C332EF61036}.Release|Any CPU.Build.0 = Release|Any CPU
		{2BAFA878-2310-43E1-9DC7-8C332EF61036}.Release|x64.ActiveCfg = Release|Any CPU
		{2BAFA878-2310-43E1-9DC7-8C332EF61036}.Release|x64.Build.0 = Release|Any CPU
		{2BAFA878-2310-43E1-9DC7-8C332EF61036}.Release|x86.ActiveCfg = Release|Any CPU
		{2BAFA878-2310-43E1-9DC7-8C332EF61036}.Release|x86.Build.0 = Release|Any CPU
		{3D6DD198-43C3-4C47-B474-483978E40B76}.Debug|Any CPU.ActiveCfg = Debug|Any CPU
		{3D6DD198-43C3-4C47-B474-483978E40B76}.Debug|Any CPU.Build.0 = Debug|Any CPU
		{3D6DD198-43C3-4C47-B474-483978E40B76}.Debug|x64.ActiveCfg = Debug|Any CPU
		{3D6DD198-43C3-4C47-B474-483978E40B76}.Debug|x64.Build.0 = Debug|Any CPU
		{3D6DD198-43C3-4C47-B474-483978E40B76}.Debug|x86.ActiveCfg = Debug|Any CPU
		{3D6DD198-43C3-4C47-B474-483978E40B76}.Debug|x86.Build.0 = Debug|Any CPU
		{3D6DD198-43C3-4C47-B474-483978E40B76}.Release|Any CPU.ActiveCfg = Release|Any CPU
		{3D6DD198-43C3-4C47-B474-483978E40B76}.Release|Any CPU.Build.0 = Release|Any CPU
		{3D6DD198-43C3-4C47-B474-483978E40B76}.Release|x64.ActiveCfg = Release|Any CPU
		{3D6DD198-43C3-4C47-B474-483978E40B76}.Release|x64.Build.0 = Release|Any CPU
		{3D6DD198-43C3-4C47-B474-483978E40B76}.Release|x86.ActiveCfg = Release|Any CPU
		{3D6DD198-43C3-4C47-B474-483978E40B76}.Release|x86.Build.0 = Release|Any CPU
		{E0B20CCB-C34B-4098-BBC7-A159C53248B3}.Debug|Any CPU.ActiveCfg = Debug|Any CPU
		{E0B20CCB-C34B-4098-BBC7-A159C53248B3}.Debug|Any CPU.Build.0 = Debug|Any CPU
		{E0B20CCB-C34B-4098-BBC7-A159C53248B3}.Debug|x64.ActiveCfg = Debug|Any CPU
		{E0B20CCB-C34B-4098-BBC7-A159C53248B3}.Debug|x64.Build.0 = Debug|Any CPU
		{E0B20CCB-C34B-4098-BBC7-A159C53248B3}.Debug|x86.ActiveCfg = Debug|Any CPU
		{E0B20CCB-C34B-4098-BBC7-A159C53248B3}.Debug|x86.Build.0 = Debug|Any CPU
		{E0B20CCB-C34B-4098-BBC7-A159C53248B3}.Release|Any CPU.ActiveCfg = Release|Any CPU
		{E0B20CCB-C34B-4098-BBC7-A159C53248B3}.Release|Any CPU.Build.0 = Release|Any CPU
		{E0B20CCB-C34B-4098-BBC7-A159C53248B3}.Release|x64.ActiveCfg = Release|Any CPU
		{E0B20CCB-C34B-4098-BBC7-A159C53248B3}.Release|x64.Build.0 = Release|Any CPU
		{E0B20CCB-C34B-4098-BBC7-A159C53248B3}.Release|x86.ActiveCfg = Release|Any CPU
		{E0B20CCB-C34B-4098-BBC7-A159C53248B3}.Release|x86.Build.0 = Release|Any CPU
		{059ADA49-D85E-43FC-8888-27F57A3D37BC}.Debug|Any CPU.ActiveCfg = Debug|Any CPU
		{059ADA49-D85E-43FC-8888-27F57A3D37BC}.Debug|Any CPU.Build.0 = Debug|Any CPU
		{059ADA49-D85E-43FC-8888-27F57A3D37BC}.Debug|x64.ActiveCfg = Debug|Any CPU
		{059ADA49-D85E-43FC-8888-27F57A3D37BC}.Debug|x64.Build.0 = Debug|Any CPU
		{059ADA49-D85E-43FC-8888-27F57A3D37BC}.Debug|x86.ActiveCfg = Debug|Any CPU
		{059ADA49-D85E-43FC-8888-27F57A3D37BC}.Debug|x86.Build.0 = Debug|Any CPU
		{059ADA49-D85E-43FC-8888-27F57A3D37BC}.Release|Any CPU.ActiveCfg = Release|Any CPU
		{059ADA49-D85E-43FC-8888-27F57A3D37BC}.Release|Any CPU.Build.0 = Release|Any CPU
		{059ADA49-D85E-43FC-8888-27F57A3D37BC}.Release|x64.ActiveCfg = Release|Any CPU
		{059ADA49-D85E-43FC-8888-27F57A3D37BC}.Release|x64.Build.0 = Release|Any CPU
		{059ADA49-D85E-43FC-8888-27F57A3D37BC}.Release|x86.ActiveCfg = Release|Any CPU
		{059ADA49-D85E-43FC-8888-27F57A3D37BC}.Release|x86.Build.0 = Release|Any CPU
		{70BE5686-CA81-41E1-B115-44DD628CECF6}.Debug|Any CPU.ActiveCfg = Debug|Any CPU
		{70BE5686-CA81-41E1-B115-44DD628CECF6}.Debug|Any CPU.Build.0 = Debug|Any CPU
		{70BE5686-CA81-41E1-B115-44DD628CECF6}.Debug|x64.ActiveCfg = Debug|Any CPU
		{70BE5686-CA81-41E1-B115-44DD628CECF6}.Debug|x64.Build.0 = Debug|Any CPU
		{70BE5686-CA81-41E1-B115-44DD628CECF6}.Debug|x86.ActiveCfg = Debug|Any CPU
		{70BE5686-CA81-41E1-B115-44DD628CECF6}.Debug|x86.Build.0 = Debug|Any CPU
		{70BE5686-CA81-41E1-B115-44DD628CECF6}.Release|Any CPU.ActiveCfg = Release|Any CPU
		{70BE5686-CA81-41E1-B115-44DD628CECF6}.Release|Any CPU.Build.0 = Release|Any CPU
		{70BE5686-CA81-41E1-B115-44DD628CECF6}.Release|x64.ActiveCfg = Release|Any CPU
		{70BE5686-CA81-41E1-B115-44DD628CECF6}.Release|x64.Build.0 = Release|Any CPU
		{70BE5686-CA81-41E1-B115-44DD628CECF6}.Release|x86.ActiveCfg = Release|Any CPU
		{70BE5686-CA81-41E1-B115-44DD628CECF6}.Release|x86.Build.0 = Release|Any CPU
	EndGlobalSection
EndGlobal
